// !$*UTF8*$!
{
	archiveVersion = 1;
	classes = {
	};
	objectVersion = 56;
	objects = {

/* Begin PBXBuildFile section */
		A75B523B2C35929E00686B91 /* InteractiveWidget.swift in Sources */ = {isa = PBXBuildFile; fileRef = A75B523A2C35929E00686B91 /* InteractiveWidget.swift */; };
		A75B523D2C359A8400686B91 /* InteractiveWidgetIntent.swift in Sources */ = {isa = PBXBuildFile; fileRef = A75B523C2C359A8400686B91 /* InteractiveWidgetIntent.swift */; };
		A75B523F2C35A20E00686B91 /* DataService.swift in Sources */ = {isa = PBXBuildFile; fileRef = A75B523E2C35A20E00686B91 /* DataService.swift */; };
		A75B52402C35A20E00686B91 /* DataService.swift in Sources */ = {isa = PBXBuildFile; fileRef = A75B523E2C35A20E00686B91 /* DataService.swift */; };
		A75B572D2C354326002EFC5E /* InvioWidgetExampleApp.swift in Sources */ = {isa = PBXBuildFile; fileRef = A75B572C2C354326002EFC5E /* InvioWidgetExampleApp.swift */; };
		A75B572F2C354326002EFC5E /* ContentView.swift in Sources */ = {isa = PBXBuildFile; fileRef = A75B572E2C354326002EFC5E /* ContentView.swift */; };
		A75B57312C354328002EFC5E /* Assets.xcassets in Resources */ = {isa = PBXBuildFile; fileRef = A75B57302C354328002EFC5E /* Assets.xcassets */; };
		A75B57342C354328002EFC5E /* Preview Assets.xcassets in Resources */ = {isa = PBXBuildFile; fileRef = A75B57332C354328002EFC5E /* Preview Assets.xcassets */; };
		A75B57412C356167002EFC5E /* WidgetKit.framework in Frameworks */ = {isa = PBXBuildFile; fileRef = A75B57402C356167002EFC5E /* WidgetKit.framework */; };
		A75B57432C356167002EFC5E /* SwiftUI.framework in Frameworks */ = {isa = PBXBuildFile; fileRef = A75B57422C356167002EFC5E /* SwiftUI.framework */; };
		A75B57462C356167002EFC5E /* WidgetExtensionBundle.swift in Sources */ = {isa = PBXBuildFile; fileRef = A75B57452C356167002EFC5E /* WidgetExtensionBundle.swift */; };
		A75B57482C356167002EFC5E /* WidgetExtension.swift in Sources */ = {isa = PBXBuildFile; fileRef = A75B57472C356167002EFC5E /* WidgetExtension.swift */; };
		A75B574A2C356168002EFC5E /* Assets.xcassets in Resources */ = {isa = PBXBuildFile; fileRef = A75B57492C356168002EFC5E /* Assets.xcassets */; };
		A75B574E2C356168002EFC5E /* WidgetExtensionExtension.appex in Embed Foundation Extensions */ = {isa = PBXBuildFile; fileRef = A75B573E2C356167002EFC5E /* WidgetExtensionExtension.appex */; settings = {ATTRIBUTES = (RemoveHeadersOnCopy, ); }; };
/* End PBXBuildFile section */

/* Begin PBXContainerItemProxy section */
		A75B574C2C356168002EFC5E /* PBXContainerItemProxy */ = {
			isa = PBXContainerItemProxy;
			containerPortal = A75B57212C354326002EFC5E /* Project object */;
			proxyType = 1;
			remoteGlobalIDString = A75B573D2C356167002EFC5E;
			remoteInfo = WidgetExtensionExtension;
		};
/* End PBXContainerItemProxy section */

/* Begin PBXCopyFilesBuildPhase section */
		A75B57522C356168002EFC5E /* Embed Foundation Extensions */ = {
			isa = PBXCopyFilesBuildPhase;
			buildActionMask = 2147483647;
			dstPath = "";
			dstSubfolderSpec = 13;
			files = (
				A75B574E2C356168002EFC5E /* WidgetExtensionExtension.appex in Embed Foundation Extensions */,
			);
			name = "Embed Foundation Extensions";
			runOnlyForDeploymentPostprocessing = 0;
		};
/* End PBXCopyFilesBuildPhase section */

/* Begin PBXFileReference section */
		A75B523A2C35929E00686B91 /* InteractiveWidget.swift */ = {isa = PBXFileReference; lastKnownFileType = sourcecode.swift; path = InteractiveWidget.swift; sourceTree = "<group>"; };
		A75B523C2C359A8400686B91 /* InteractiveWidgetIntent.swift */ = {isa = PBXFileReference; lastKnownFileType = sourcecode.swift; path = InteractiveWidgetIntent.swift; sourceTree = "<group>"; };
		A75B523E2C35A20E00686B91 /* DataService.swift */ = {isa = PBXFileReference; lastKnownFileType = sourcecode.swift; path = DataService.swift; sourceTree = "<group>"; };
		A75B57292C354326002EFC5E /* InvioWidgetExample.app */ = {isa = PBXFileReference; explicitFileType = wrapper.application; includeInIndex = 0; path = InvioWidgetExample.app; sourceTree = BUILT_PRODUCTS_DIR; };
		A75B572C2C354326002EFC5E /* InvioWidgetExampleApp.swift */ = {isa = PBXFileReference; lastKnownFileType = sourcecode.swift; path = InvioWidgetExampleApp.swift; sourceTree = "<group>"; };
		A75B572E2C354326002EFC5E /* ContentView.swift */ = {isa = PBXFileReference; lastKnownFileType = sourcecode.swift; path = ContentView.swift; sourceTree = "<group>"; };
		A75B57302C354328002EFC5E /* Assets.xcassets */ = {isa = PBXFileReference; lastKnownFileType = folder.assetcatalog; path = Assets.xcassets; sourceTree = "<group>"; };
		A75B57332C354328002EFC5E /* Preview Assets.xcassets */ = {isa = PBXFileReference; lastKnownFileType = folder.assetcatalog; path = "Preview Assets.xcassets"; sourceTree = "<group>"; };
		A75B573E2C356167002EFC5E /* WidgetExtensionExtension.appex */ = {isa = PBXFileReference; explicitFileType = "wrapper.app-extension"; includeInIndex = 0; path = WidgetExtensionExtension.appex; sourceTree = BUILT_PRODUCTS_DIR; };
		A75B57402C356167002EFC5E /* WidgetKit.framework */ = {isa = PBXFileReference; lastKnownFileType = wrapper.framework; name = WidgetKit.framework; path = System/Library/Frameworks/WidgetKit.framework; sourceTree = SDKROOT; };
		A75B57422C356167002EFC5E /* SwiftUI.framework */ = {isa = PBXFileReference; lastKnownFileType = wrapper.framework; name = SwiftUI.framework; path = System/Library/Frameworks/SwiftUI.framework; sourceTree = SDKROOT; };
		A75B57452C356167002EFC5E /* WidgetExtensionBundle.swift */ = {isa = PBXFileReference; lastKnownFileType = sourcecode.swift; path = WidgetExtensionBundle.swift; sourceTree = "<group>"; };
		A75B57472C356167002EFC5E /* WidgetExtension.swift */ = {isa = PBXFileReference; lastKnownFileType = sourcecode.swift; path = WidgetExtension.swift; sourceTree = "<group>"; };
		A75B57492C356168002EFC5E /* Assets.xcassets */ = {isa = PBXFileReference; lastKnownFileType = folder.assetcatalog; path = Assets.xcassets; sourceTree = "<group>"; };
		A75B574B2C356168002EFC5E /* Info.plist */ = {isa = PBXFileReference; lastKnownFileType = text.plist.xml; path = Info.plist; sourceTree = "<group>"; };
		A75B57532C356F83002EFC5E /* InvioWidgetExample.entitlements */ = {isa = PBXFileReference; lastKnownFileType = text.plist.entitlements; path = InvioWidgetExample.entitlements; sourceTree = "<group>"; };
		A75B57542C356FB0002EFC5E /* WidgetExtensionExtension.entitlements */ = {isa = PBXFileReference; lastKnownFileType = text.plist.entitlements; path = WidgetExtensionExtension.entitlements; sourceTree = "<group>"; };
/* End PBXFileReference section */

/* Begin PBXFrameworksBuildPhase section */
		A75B57262C354326002EFC5E /* Frameworks */ = {
			isa = PBXFrameworksBuildPhase;
			buildActionMask = 2147483647;
			files = (
			);
			runOnlyForDeploymentPostprocessing = 0;
		};
		A75B573B2C356167002EFC5E /* Frameworks */ = {
			isa = PBXFrameworksBuildPhase;
			buildActionMask = 2147483647;
			files = (
				A75B57432C356167002EFC5E /* SwiftUI.framework in Frameworks */,
				A75B57412C356167002EFC5E /* WidgetKit.framework in Frameworks */,
			);
			runOnlyForDeploymentPostprocessing = 0;
		};
/* End PBXFrameworksBuildPhase section */

/* Begin PBXGroup section */
		A7138D042C36757D00F75612 /* Widgets */ = {
			isa = PBXGroup;
			children = (
				A75B57472C356167002EFC5E /* WidgetExtension.swift */,
				A75B523A2C35929E00686B91 /* InteractiveWidget.swift */,
				A75B523C2C359A8400686B91 /* InteractiveWidgetIntent.swift */,
			);
			path = Widgets;
			sourceTree = "<group>";
		};
		A75B57202C354326002EFC5E = {
			isa = PBXGroup;
			children = (
				A75B57542C356FB0002EFC5E /* WidgetExtensionExtension.entitlements */,
				A75B572B2C354326002EFC5E /* InvioWidgetExample */,
				A75B57442C356167002EFC5E /* WidgetExtension */,
				A75B573F2C356167002EFC5E /* Frameworks */,
				A75B572A2C354326002EFC5E /* Products */,
			);
			sourceTree = "<group>";
		};
		A75B572A2C354326002EFC5E /* Products */ = {
			isa = PBXGroup;
			children = (
				A75B57292C354326002EFC5E /* InvioWidgetExample.app */,
				A75B573E2C356167002EFC5E /* WidgetExtensionExtension.appex */,
			);
			name = Products;
			sourceTree = "<group>";
		};
		A75B572B2C354326002EFC5E /* InvioWidgetExample */ = {
			isa = PBXGroup;
			children = (
				A75B57532C356F83002EFC5E /* InvioWidgetExample.entitlements */,
				A75B572C2C354326002EFC5E /* InvioWidgetExampleApp.swift */,
				A75B572E2C354326002EFC5E /* ContentView.swift */,
				A75B57302C354328002EFC5E /* Assets.xcassets */,
				A75B57322C354328002EFC5E /* Preview Content */,
				A75B523E2C35A20E00686B91 /* DataService.swift */,
			);
			path = InvioWidgetExample;
			sourceTree = "<group>";
		};
		A75B57322C354328002EFC5E /* Preview Content */ = {
			isa = PBXGroup;
			children = (
				A75B57332C354328002EFC5E /* Preview Assets.xcassets */,
			);
			path = "Preview Content";
			sourceTree = "<group>";
		};
		A75B573F2C356167002EFC5E /* Frameworks */ = {
			isa = PBXGroup;
			children = (
				A75B57402C356167002EFC5E /* WidgetKit.framework */,
				A75B57422C356167002EFC5E /* SwiftUI.framework */,
			);
			name = Frameworks;
			sourceTree = "<group>";
		};
		A75B57442C356167002EFC5E /* WidgetExtension */ = {
			isa = PBXGroup;
			children = (
				A7138D042C36757D00F75612 /* Widgets */,
				A75B57452C356167002EFC5E /* WidgetExtensionBundle.swift */,
				A75B57492C356168002EFC5E /* Assets.xcassets */,
				A75B574B2C356168002EFC5E /* Info.plist */,
			);
			path = WidgetExtension;
			sourceTree = "<group>";
		};
/* End PBXGroup section */

/* Begin PBXNativeTarget section */
		A75B57282C354326002EFC5E /* InvioWidgetExample */ = {
			isa = PBXNativeTarget;
			buildConfigurationList = A75B57372C354328002EFC5E /* Build configuration list for PBXNativeTarget "InvioWidgetExample" */;
			buildPhases = (
				A75B57252C354326002EFC5E /* Sources */,
				A75B57262C354326002EFC5E /* Frameworks */,
				A75B57272C354326002EFC5E /* Resources */,
				A75B57522C356168002EFC5E /* Embed Foundation Extensions */,
			);
			buildRules = (
			);
			dependencies = (
				A75B574D2C356168002EFC5E /* PBXTargetDependency */,
			);
			name = InvioWidgetExample;
			productName = InvioWidgetExample;
			productReference = A75B57292C354326002EFC5E /* InvioWidgetExample.app */;
			productType = "com.apple.product-type.application";
		};
		A75B573D2C356167002EFC5E /* WidgetExtensionExtension */ = {
			isa = PBXNativeTarget;
			buildConfigurationList = A75B574F2C356168002EFC5E /* Build configuration list for PBXNativeTarget "WidgetExtensionExtension" */;
			buildPhases = (
				A75B573A2C356167002EFC5E /* Sources */,
				A75B573B2C356167002EFC5E /* Frameworks */,
				A75B573C2C356167002EFC5E /* Resources */,
			);
			buildRules = (
			);
			dependencies = (
			);
			name = WidgetExtensionExtension;
			productName = WidgetExtensionExtension;
			productReference = A75B573E2C356167002EFC5E /* WidgetExtensionExtension.appex */;
			productType = "com.apple.product-type.app-extension";
		};
/* End PBXNativeTarget section */

/* Begin PBXProject section */
		A75B57212C354326002EFC5E /* Project object */ = {
			isa = PBXProject;
			attributes = {
				BuildIndependentTargetsInParallel = 1;
				LastSwiftUpdateCheck = 1520;
				LastUpgradeCheck = 1520;
				TargetAttributes = {
					A75B57282C354326002EFC5E = {
						CreatedOnToolsVersion = 15.2;
					};
					A75B573D2C356167002EFC5E = {
						CreatedOnToolsVersion = 15.2;
					};
				};
			};
			buildConfigurationList = A75B57242C354326002EFC5E /* Build configuration list for PBXProject "InvioWidgetExample" */;
			compatibilityVersion = "Xcode 14.0";
			developmentRegion = en;
			hasScannedForEncodings = 0;
			knownRegions = (
				en,
				Base,
			);
			mainGroup = A75B57202C354326002EFC5E;
			productRefGroup = A75B572A2C354326002EFC5E /* Products */;
			projectDirPath = "";
			projectRoot = "";
			targets = (
				A75B57282C354326002EFC5E /* InvioWidgetExample */,
				A75B573D2C356167002EFC5E /* WidgetExtensionExtension */,
			);
		};
/* End PBXProject section */

/* Begin PBXResourcesBuildPhase section */
		A75B57272C354326002EFC5E /* Resources */ = {
			isa = PBXResourcesBuildPhase;
			buildActionMask = 2147483647;
			files = (
				A75B57342C354328002EFC5E /* Preview Assets.xcassets in Resources */,
				A75B57312C354328002EFC5E /* Assets.xcassets in Resources */,
			);
			runOnlyForDeploymentPostprocessing = 0;
		};
		A75B573C2C356167002EFC5E /* Resources */ = {
			isa = PBXResourcesBuildPhase;
			buildActionMask = 2147483647;
			files = (
				A75B574A2C356168002EFC5E /* Assets.xcassets in Resources */,
			);
			runOnlyForDeploymentPostprocessing = 0;
		};
/* End PBXResourcesBuildPhase section */

/* Begin PBXSourcesBuildPhase section */
		A75B57252C354326002EFC5E /* Sources */ = {
			isa = PBXSourcesBuildPhase;
			buildActionMask = 2147483647;
			files = (
				A75B523F2C35A20E00686B91 /* DataService.swift in Sources */,
				A75B572F2C354326002EFC5E /* ContentView.swift in Sources */,
				A75B572D2C354326002EFC5E /* InvioWidgetExampleApp.swift in Sources */,
			);
			runOnlyForDeploymentPostprocessing = 0;
		};
		A75B573A2C356167002EFC5E /* Sources */ = {
			isa = PBXSourcesBuildPhase;
			buildActionMask = 2147483647;
			files = (
				A75B523D2C359A8400686B91 /* InteractiveWidgetIntent.swift in Sources */,
				A75B57462C356167002EFC5E /* WidgetExtensionBundle.swift in Sources */,
				A75B52402C35A20E00686B91 /* DataService.swift in Sources */,
				A75B523B2C35929E00686B91 /* InteractiveWidget.swift in Sources */,
				A75B57482C356167002EFC5E /* WidgetExtension.swift in Sources */,
			);
			runOnlyForDeploymentPostprocessing = 0;
		};
/* End PBXSourcesBuildPhase section */

/* Begin PBXTargetDependency section */
		A75B574D2C356168002EFC5E /* PBXTargetDependency */ = {
			isa = PBXTargetDependency;
			target = A75B573D2C356167002EFC5E /* WidgetExtensionExtension */;
			targetProxy = A75B574C2C356168002EFC5E /* PBXContainerItemProxy */;
		};
/* End PBXTargetDependency section */

/* Begin XCBuildConfiguration section */
		A75B57352C354328002EFC5E /* Debug */ = {
			isa = XCBuildConfiguration;
			buildSettings = {
				ALWAYS_SEARCH_USER_PATHS = NO;
				ASSETCATALOG_COMPILER_GENERATE_SWIFT_ASSET_SYMBOL_EXTENSIONS = YES;
				CLANG_ANALYZER_NONNULL = YES;
				CLANG_ANALYZER_NUMBER_OBJECT_CONVERSION = YES_AGGRESSIVE;
				CLANG_CXX_LANGUAGE_STANDARD = "gnu++20";
				CLANG_ENABLE_MODULES = YES;
				CLANG_ENABLE_OBJC_ARC = YES;
				CLANG_ENABLE_OBJC_WEAK = YES;
				CLANG_WARN_BLOCK_CAPTURE_AUTORELEASING = YES;
				CLANG_WARN_BOOL_CONVERSION = YES;
				CLANG_WARN_COMMA = YES;
				CLANG_WARN_CONSTANT_CONVERSION = YES;
				CLANG_WARN_DEPRECATED_OBJC_IMPLEMENTATIONS = YES;
				CLANG_WARN_DIRECT_OBJC_ISA_USAGE = YES_ERROR;
				CLANG_WARN_DOCUMENTATION_COMMENTS = YES;
				CLANG_WARN_EMPTY_BODY = YES;
				CLANG_WARN_ENUM_CONVERSION = YES;
				CLANG_WARN_INFINITE_RECURSION = YES;
				CLANG_WARN_INT_CONVERSION = YES;
				CLANG_WARN_NON_LITERAL_NULL_CONVERSION = YES;
				CLANG_WARN_OBJC_IMPLICIT_RETAIN_SELF = YES;
				CLANG_WARN_OBJC_LITERAL_CONVERSION = YES;
				CLANG_WARN_OBJC_ROOT_CLASS = YES_ERROR;
				CLANG_WARN_QUOTED_INCLUDE_IN_FRAMEWORK_HEADER = YES;
				CLANG_WARN_RANGE_LOOP_ANALYSIS = YES;
				CLANG_WARN_STRICT_PROTOTYPES = YES;
				CLANG_WARN_SUSPICIOUS_MOVE = YES;
				CLANG_WARN_UNGUARDED_AVAILABILITY = YES_AGGRESSIVE;
				CLANG_WARN_UNREACHABLE_CODE = YES;
				CLANG_WARN__DUPLICATE_METHOD_MATCH = YES;
				COPY_PHASE_STRIP = NO;
				DEBUG_INFORMATION_FORMAT = dwarf;
				ENABLE_STRICT_OBJC_MSGSEND = YES;
				ENABLE_TESTABILITY = YES;
				ENABLE_USER_SCRIPT_SANDBOXING = YES;
				GCC_C_LANGUAGE_STANDARD = gnu17;
				GCC_DYNAMIC_NO_PIC = NO;
				GCC_NO_COMMON_BLOCKS = YES;
				GCC_OPTIMIZATION_LEVEL = 0;
				GCC_PREPROCESSOR_DEFINITIONS = (
					"DEBUG=1",
					"$(inherited)",
				);
				GCC_WARN_64_TO_32_BIT_CONVERSION = YES;
				GCC_WARN_ABOUT_RETURN_TYPE = YES_ERROR;
				GCC_WARN_UNDECLARED_SELECTOR = YES;
				GCC_WARN_UNINITIALIZED_AUTOS = YES_AGGRESSIVE;
				GCC_WARN_UNUSED_FUNCTION = YES;
				GCC_WARN_UNUSED_VARIABLE = YES;
				IPHONEOS_DEPLOYMENT_TARGET = 17.2;
				LOCALIZATION_PREFERS_STRING_CATALOGS = YES;
				MTL_ENABLE_DEBUG_INFO = INCLUDE_SOURCE;
				MTL_FAST_MATH = YES;
				ONLY_ACTIVE_ARCH = YES;
				SDKROOT = iphoneos;
				SWIFT_ACTIVE_COMPILATION_CONDITIONS = "DEBUG $(inherited)";
				SWIFT_OPTIMIZATION_LEVEL = "-Onone";
			};
			name = Debug;
		};
		A75B57362C354328002EFC5E /* Release */ = {
			isa = XCBuildConfiguration;
			buildSettings = {
				ALWAYS_SEARCH_USER_PATHS = NO;
				ASSETCATALOG_COMPILER_GENERATE_SWIFT_ASSET_SYMBOL_EXTENSIONS = YES;
				CLANG_ANALYZER_NONNULL = YES;
				CLANG_ANALYZER_NUMBER_OBJECT_CONVERSION = YES_AGGRESSIVE;
				CLANG_CXX_LANGUAGE_STANDARD = "gnu++20";
				CLANG_ENABLE_MODULES = YES;
				CLANG_ENABLE_OBJC_ARC = YES;
				CLANG_ENABLE_OBJC_WEAK = YES;
				CLANG_WARN_BLOCK_CAPTURE_AUTORELEASING = YES;
				CLANG_WARN_BOOL_CONVERSION = YES;
				CLANG_WARN_COMMA = YES;
				CLANG_WARN_CONSTANT_CONVERSION = YES;
				CLANG_WARN_DEPRECATED_OBJC_IMPLEMENTATIONS = YES;
				CLANG_WARN_DIRECT_OBJC_ISA_USAGE = YES_ERROR;
				CLANG_WARN_DOCUMENTATION_COMMENTS = YES;
				CLANG_WARN_EMPTY_BODY = YES;
				CLANG_WARN_ENUM_CONVERSION = YES;
				CLANG_WARN_INFINITE_RECURSION = YES;
				CLANG_WARN_INT_CONVERSION = YES;
				CLANG_WARN_NON_LITERAL_NULL_CONVERSION = YES;
				CLANG_WARN_OBJC_IMPLICIT_RETAIN_SELF = YES;
				CLANG_WARN_OBJC_LITERAL_CONVERSION = YES;
				CLANG_WARN_OBJC_ROOT_CLASS = YES_ERROR;
				CLANG_WARN_QUOTED_INCLUDE_IN_FRAMEWORK_HEADER = YES;
				CLANG_WARN_RANGE_LOOP_ANALYSIS = YES;
				CLANG_WARN_STRICT_PROTOTYPES = YES;
				CLANG_WARN_SUSPICIOUS_MOVE = YES;
				CLANG_WARN_UNGUARDED_AVAILABILITY = YES_AGGRESSIVE;
				CLANG_WARN_UNREACHABLE_CODE = YES;
				CLANG_WARN__DUPLICATE_METHOD_MATCH = YES;
				COPY_PHASE_STRIP = NO;
				DEBUG_INFORMATION_FORMAT = "dwarf-with-dsym";
				ENABLE_NS_ASSERTIONS = NO;
				ENABLE_STRICT_OBJC_MSGSEND = YES;
				ENABLE_USER_SCRIPT_SANDBOXING = YES;
				GCC_C_LANGUAGE_STANDARD = gnu17;
				GCC_NO_COMMON_BLOCKS = YES;
				GCC_WARN_64_TO_32_BIT_CONVERSION = YES;
				GCC_WARN_ABOUT_RETURN_TYPE = YES_ERROR;
				GCC_WARN_UNDECLARED_SELECTOR = YES;
				GCC_WARN_UNINITIALIZED_AUTOS = YES_AGGRESSIVE;
				GCC_WARN_UNUSED_FUNCTION = YES;
				GCC_WARN_UNUSED_VARIABLE = YES;
				IPHONEOS_DEPLOYMENT_TARGET = 17.2;
				LOCALIZATION_PREFERS_STRING_CATALOGS = YES;
				MTL_ENABLE_DEBUG_INFO = NO;
				MTL_FAST_MATH = YES;
				SDKROOT = iphoneos;
				SWIFT_COMPILATION_MODE = wholemodule;
				VALIDATE_PRODUCT = YES;
			};
			name = Release;
		};
		A75B57382C354328002EFC5E /* Debug */ = {
			isa = XCBuildConfiguration;
			buildSettings = {
				ALWAYS_EMBED_SWIFT_STANDARD_LIBRARIES = YES;
				ASSETCATALOG_COMPILER_APPICON_NAME = AppIcon;
				ASSETCATALOG_COMPILER_GLOBAL_ACCENT_COLOR_NAME = AccentColor;
				CODE_SIGN_ENTITLEMENTS = InvioWidgetExample/InvioWidgetExample.entitlements;
				CODE_SIGN_IDENTITY = "Apple Development";
				CODE_SIGN_STYLE = Automatic;
				CURRENT_PROJECT_VERSION = 1;
				DEVELOPMENT_ASSET_PATHS = "\"InvioWidgetExample/Preview Content\"";
				DEVELOPMENT_TEAM = RZB5WTQ7UH;
				ENABLE_PREVIEWS = YES;
				GENERATE_INFOPLIST_FILE = YES;
				INFOPLIST_KEY_UIApplicationSceneManifest_Generation = YES;
				INFOPLIST_KEY_UIApplicationSupportsIndirectInputEvents = YES;
				INFOPLIST_KEY_UILaunchScreen_Generation = YES;
				INFOPLIST_KEY_UISupportedInterfaceOrientations_iPad = "UIInterfaceOrientationPortrait UIInterfaceOrientationPortraitUpsideDown UIInterfaceOrientationLandscapeLeft UIInterfaceOrientationLandscapeRight";
				INFOPLIST_KEY_UISupportedInterfaceOrientations_iPhone = "UIInterfaceOrientationPortrait UIInterfaceOrientationLandscapeLeft UIInterfaceOrientationLandscapeRight";
				LD_RUNPATH_SEARCH_PATHS = (
					"$(inherited)",
					"@executable_path/Frameworks",
				);
				MARKETING_VERSION = 1.0;
				PRODUCT_BUNDLE_IDENTIFIER = com.hakanor.InvioWidgetExample;
				PRODUCT_NAME = "$(TARGET_NAME)";
				PROVISIONING_PROFILE_SPECIFIER = "";
				SWIFT_EMIT_LOC_STRINGS = YES;
				SWIFT_VERSION = 5.0;
				TARGETED_DEVICE_FAMILY = "1,2";
			};
			name = Debug;
		};
		A75B57392C354328002EFC5E /* Release */ = {
			isa = XCBuildConfiguration;
			buildSettings = {
				ALWAYS_EMBED_SWIFT_STANDARD_LIBRARIES = YES;
				ASSETCATALOG_COMPILER_APPICON_NAME = AppIcon;
				ASSETCATALOG_COMPILER_GLOBAL_ACCENT_COLOR_NAME = AccentColor;
				CODE_SIGN_ENTITLEMENTS = InvioWidgetExample/InvioWidgetExample.entitlements;
				CODE_SIGN_IDENTITY = "Apple Development";
				CODE_SIGN_STYLE = Automatic;
				CURRENT_PROJECT_VERSION = 1;
				DEVELOPMENT_ASSET_PATHS = "\"InvioWidgetExample/Preview Content\"";
				DEVELOPMENT_TEAM = RZB5WTQ7UH;
				ENABLE_PREVIEWS = YES;
				GENERATE_INFOPLIST_FILE = YES;
				INFOPLIST_KEY_UIApplicationSceneManifest_Generation = YES;
				INFOPLIST_KEY_UIApplicationSupportsIndirectInputEvents = YES;
				INFOPLIST_KEY_UILaunchScreen_Generation = YES;
				INFOPLIST_KEY_UISupportedInterfaceOrientations_iPad = "UIInterfaceOrientationPortrait UIInterfaceOrientationPortraitUpsideDown UIInterfaceOrientationLandscapeLeft UIInterfaceOrientationLandscapeRight";
				INFOPLIST_KEY_UISupportedInterfaceOrientations_iPhone = "UIInterfaceOrientationPortrait UIInterfaceOrientationLandscapeLeft UIInterfaceOrientationLandscapeRight";
				LD_RUNPATH_SEARCH_PATHS = (
					"$(inherited)",
					"@executable_path/Frameworks",
				);
				MARKETING_VERSION = 1.0;
				PRODUCT_BUNDLE_IDENTIFIER = com.hakanor.InvioWidgetExample;
				PRODUCT_NAME = "$(TARGET_NAME)";
				PROVISIONING_PROFILE_SPECIFIER = "";
				SWIFT_EMIT_LOC_STRINGS = YES;
				SWIFT_VERSION = 5.0;
				TARGETED_DEVICE_FAMILY = "1,2";
			};
			name = Release;
		};
		A75B57502C356168002EFC5E /* Debug */ = {
			isa = XCBuildConfiguration;
			buildSettings = {
				ASSETCATALOG_COMPILER_GLOBAL_ACCENT_COLOR_NAME = AccentColor;
				ASSETCATALOG_COMPILER_WIDGET_BACKGROUND_COLOR_NAME = WidgetBackground;
				CODE_SIGN_ENTITLEMENTS = WidgetExtensionExtension.entitlements;
				CODE_SIGN_STYLE = Automatic;
				CURRENT_PROJECT_VERSION = 1;
				DEVELOPMENT_TEAM = RZB5WTQ7UH;
				GENERATE_INFOPLIST_FILE = YES;
				INFOPLIST_FILE = WidgetExtension/Info.plist;
				INFOPLIST_KEY_CFBundleDisplayName = WidgetExtension;
				INFOPLIST_KEY_NSHumanReadableCopyright = "";
				LD_RUNPATH_SEARCH_PATHS = (
					"$(inherited)",
					"@executable_path/Frameworks",
					"@executable_path/../../Frameworks",
				);
				MARKETING_VERSION = 1.0;
				PRODUCT_BUNDLE_IDENTIFIER = com.hakanor.InvioWidgetExample.WidgetExtension;
				PRODUCT_NAME = "$(TARGET_NAME)";
				SKIP_INSTALL = YES;
				SWIFT_EMIT_LOC_STRINGS = YES;
				SWIFT_VERSION = 5.0;
				TARGETED_DEVICE_FAMILY = "1,2";
			};
			name = Debug;
		};
		A75B57512C356168002EFC5E /* Release */ = {
			isa = XCBuildConfiguration;
			buildSettings = {
				ASSETCATALOG_COMPILER_GLOBAL_ACCENT_COLOR_NAME = AccentColor;
				ASSETCATALOG_COMPILER_WIDGET_BACKGROUND_COLOR_NAME = WidgetBackground;
				CODE_SIGN_ENTITLEMENTS = WidgetExtensionExtension.entitlements;
				CODE_SIGN_STYLE = Automatic;
				CURRENT_PROJECT_VERSION = 1;
				DEVELOPMENT_TEAM = RZB5WTQ7UH;
				GENERATE_INFOPLIST_FILE = YES;
				INFOPLIST_FILE = WidgetExtension/Info.plist;
				INFOPLIST_KEY_CFBundleDisplayName = WidgetExtension;
				INFOPLIST_KEY_NSHumanReadableCopyright = "";
				LD_RUNPATH_SEARCH_PATHS = (
					"$(inherited)",
					"@executable_path/Frameworks",
					"@executable_path/../../Frameworks",
				);
				MARKETING_VERSION = 1.0;
				PRODUCT_BUNDLE_IDENTIFIER = com.hakanor.InvioWidgetExample.WidgetExtension;
				PRODUCT_NAME = "$(TARGET_NAME)";
				SKIP_INSTALL = YES;
				SWIFT_EMIT_LOC_STRINGS = YES;
				SWIFT_VERSION = 5.0;
				TARGETED_DEVICE_FAMILY = "1,2";
			};
			name = Release;
		};
/* End XCBuildConfiguration section */

/* Begin XCConfigurationList section */
		A75B57242C354326002EFC5E /* Build configuration list for PBXProject "InvioWidgetExample" */ = {
			isa = XCConfigurationList;
			buildConfigurations = (
				A75B57352C354328002EFC5E /* Debug */,
				A75B57362C354328002EFC5E /* Release */,
			);
			defaultConfigurationIsVisible = 0;
			defaultConfigurationName = Release;
		};
		A75B57372C354328002EFC5E /* Build configuration list for PBXNativeTarget "InvioWidgetExample" */ = {
			isa = XCConfigurationList;
			buildConfigurations = (
				A75B57382C354328002EFC5E /* Debug */,
				A75B57392C354328002EFC5E /* Release */,
			);
			defaultConfigurationIsVisible = 0;
			defaultConfigurationName = Release;
		};
		A75B574F2C356168002EFC5E /* Build configuration list for PBXNativeTarget "WidgetExtensionExtension" */ = {
			isa = XCConfigurationList;
			buildConfigurations = (
				A75B57502C356168002EFC5E /* Debug */,
				A75B57512C356168002EFC5E /* Release */,
			);
			defaultConfigurationIsVisible = 0;
			defaultConfigurationName = Release;
		};
/* End XCConfigurationList section */
	};
	rootObject = A75B57212C354326002EFC5E /* Project object */;
}
